Microsoft Visual Studio Solution File, Format Version 12.00
# Visual Studio Version 18
VisualStudioVersion = 18.7.11925.98
MinimumVisualStudioVersion = 10.0.40219.1
Project("{FAE04EC0-301F-11D3-BF4B-00C04F79EFBC}") = "JETFWebAPI", "JETFWebAPI.csproj", "{644C6168-E0A0-4056-B909-B3EF5F4FE822}"
EndProject
Global
	GlobalSection(SolutionConfigurationPlatforms) = preSolution
		Debug|Any CPU = Debug|Any CPU
		Release|Any CPU = Release|Any CPU
	EndGlobalSection
	GlobalSection(ProjectConfigurationPlatforms) = postSolution
		{644C6168-E0A0-4056-B909-B3EF5F4FE822}.Debug|Any CPU.ActiveCfg = Debug|Any CPU
		{644C6168-E0A0-4056-B909-B3EF5F4FE822}.Debug|Any CPU.Build.0 = Debug|Any CPU
		{644C6168-E0A0-4056-B909-B3EF5F4FE822}.Release|Any CPU.ActiveCfg = Release|Any CPU
		{644C6168-E0A0-4056-B909-B3EF5F4FE822}.Release|Any CPU.Build.0 = Release|Any CPU
	EndGlobalSection
	GlobalSection(SolutionProperties) = preSolution
		HideSolutionNode = FALSE
	EndGlobalSection
EndGlobal
