
Microsoft Visual Studio Solution File, Format Version 12.00
# Visual Studio Version 18
VisualStudioVersion = 18.7.11925.98 stable
MinimumVisualStudioVersion = 10.0.40219.1
Project("{FAE04EC0-301F-11D3-BF4B-00C04F79EFBC}") = "JETFWebAPI", "JETFWebAPI\JETFWebAPI.csproj", "{644C6168-E0A0-4056-B909-B3EF5F4FE822}"
EndProject
Project("{FAE04EC0-301F-11D3-BF4B-00C04F79EFBC}") = "CompanyRegistrationLibrary", "..\Lib\CompanyRegistrationLibrary\CompanyRegistrationLibrary.csproj", "{632FDDDC-DEB4-4340-9116-CFC71751A59D}"
EndProject
Global
	GlobalSection(SolutionConfigurationPlatforms) = preSolution
		Debug|Any CPU = Debug|Any CPU
		Debug|x64 = Debug|x64
		Release|Any CPU = Release|Any CPU
		Release|x64 = Release|x64
	EndGlobalSection
	GlobalSection(ProjectConfigurationPlatforms) = postSolution
		{644C6168-E0A0-4056-B909-B3EF5F4FE822}.Debug|Any CPU.ActiveCfg = Debug|Any CPU
		{644C6168-E0A0-4056-B909-B3EF5F4FE822}.Debug|Any CPU.Build.0 = Debug|Any CPU
		{644C6168-E0A0-4056-B909-B3EF5F4FE822}.Debug|x64.ActiveCfg = Debug|Any CPU
		{644C6168-E0A0-4056-B909-B3EF5F4FE822}.Debug|x64.Build.0 = Debug|Any CPU
		{644C6168-E0A0-4056-B909-B3EF5F4FE822}.Release|Any CPU.ActiveCfg = Release|Any CPU
		{644C6168-E0A0-4056-B909-B3EF5F4FE822}.Release|Any CPU.Build.0 = Release|Any CPU
		{644C6168-E0A0-4056-B909-B3EF5F4FE822}.Release|x64.ActiveCfg = Release|Any CPU
		{644C6168-E0A0-4056-B909-B3EF5F4FE822}.Release|x64.Build.0 = Release|Any CPU
		{632FDDDC-DEB4-4340-9116-CFC71751A59D}.Debug|Any CPU.ActiveCfg = Debug|Any CPU
		{632FDDDC-DEB4-4340-9116-CFC71751A59D}.Debug|Any CPU.Build.0 = Debug|Any CPU
		{632FDDDC-DEB4-4340-9116-CFC71751A59D}.Debug|x64.ActiveCfg = Debug|Any CPU
		{632FDDDC-DEB4-4340-9116-CFC71751A59D}.Debug|x64.Build.0 = Debug|Any CPU
		{632FDDDC-DEB4-4340-9116-CFC71751A59D}.Release|Any CPU.ActiveCfg = Release|Any CPU
		{632FDDDC-DEB4-4340-9116-CFC71751A59D}.Release|Any CPU.Build.0 = Release|Any CPU
		{632FDDDC-DEB4-4340-9116-CFC71751A59D}.Release|x64.ActiveCfg = Release|Any CPU
		{632FDDDC-DEB4-4340-9116-CFC71751A59D}.Release|x64.Build.0 = Release|Any CPU
	EndGlobalSection
	GlobalSection(SolutionProperties) = preSolution
		HideSolutionNode = FALSE
	EndGlobalSection
	GlobalSection(ExtensibilityGlobals) = postSolution
		SolutionGuid = {03F630A3-3FE2-4286-8953-324D6DF52DB9}
	EndGlobalSection
EndGlobal
